// !$*UTF8*$!
{
	archiveVersion = 1;
	classes = {
	};
	objectVersion = 55;
	objects = {

/* Begin PBXBuildFile section */
		341936E52759441800A83496 /* QuanQiu_NewsApp.swift in Sources */ = {isa = PBXBuildFile; fileRef = 341936E42759441800A83496 /* QuanQiu_NewsApp.swift */; };
		341936E72759441800A83496 /* ContentView.swift in Sources */ = {isa = PBXBuildFile; fileRef = 341936E62759441800A83496 /* ContentView.swift */; };
		341936E92759441A00A83496 /* Assets.xcassets in Resources */ = {isa = PBXBuildFile; fileRef = 341936E82759441A00A83496 /* Assets.xcassets */; };
		341936EC2759441A00A83496 /* Preview Assets.xcassets in Resources */ = {isa = PBXBuildFile; fileRef = 341936EB2759441A00A83496 /* Preview Assets.xcassets */; };
		341936F62759441A00A83496 /* QuanQiu_NewsTests.swift in Sources */ = {isa = PBXBuildFile; fileRef = 341936F52759441A00A83496 /* QuanQiu_NewsTests.swift */; };
		341937002759441A00A83496 /* QuanQiu_NewsUITests.swift in Sources */ = {isa = PBXBuildFile; fileRef = 341936FF2759441A00A83496 /* QuanQiu_NewsUITests.swift */; };
		341937022759441A00A83496 /* QuanQiu_NewsUITestsLaunchTests.swift in Sources */ = {isa = PBXBuildFile; fileRef = 341937012759441A00A83496 /* QuanQiu_NewsUITestsLaunchTests.swift */; };
/* End PBXBuildFile section */

/* Begin PBXContainerItemProxy section */
		341936F22759441A00A83496 /* PBXContainerItemProxy */ = {
			isa = PBXContainerItemProxy;
			containerPortal = 341936D92759441800A83496 /* Project object */;
			proxyType = 1;
			remoteGlobalIDString = 341936E02759441800A83496;
			remoteInfo = "QuanQiu News";
		};
		341936FC2759441A00A83496 /* PBXContainerItemProxy */ = {
			isa = PBXContainerItemProxy;
			containerPortal = 341936D92759441800A83496 /* Project object */;
			proxyType = 1;
			remoteGlobalIDString = 341936E02759441800A83496;
			remoteInfo = "QuanQiu News";
		};
/* End PBXContainerItemProxy section */

/* Begin PBXFileReference section */
		341936E12759441800A83496 /* QuanQiu News.app */ = {isa = PBXFileReference; explicitFileType = wrapper.application; includeInIndex = 0; path = "QuanQiu News.app"; sourceTree = BUILT_PRODUCTS_DIR; };
		341936E42759441800A83496 /* QuanQiu_NewsApp.swift */ = {isa = PBXFileReference; lastKnownFileType = sourcecode.swift; path = QuanQiu_NewsApp.swift; sourceTree = "<group>"; };
		341936E62759441800A83496 /* ContentView.swift */ = {isa = PBXFileReference; lastKnownFileType = sourcecode.swift; path = ContentView.swift; sourceTree = "<group>"; };
		341936E82759441A00A83496 /* Assets.xcassets */ = {isa = PBXFileReference; lastKnownFileType = folder.assetcatalog; path = Assets.xcassets; sourceTree = "<group>"; };
		341936EB2759441A00A83496 /* Preview Assets.xcassets */ = {isa = PBXFileReference; lastKnownFileType = folder.assetcatalog; path = "Preview Assets.xcassets"; sourceTree = "<group>"; };
		341936F12759441A00A83496 /* QuanQiu NewsTests.xctest */ = {isa = PBXFileReference; explicitFileType = wrapper.cfbundle; includeInIndex = 0; path = "QuanQiu NewsTests.xctest"; sourceTree = BUILT_PRODUCTS_DIR; };
		341936F52759441A00A83496 /* QuanQiu_NewsTests.swift */ = {isa = PBXFileReference; lastKnownFileType = sourcecode.swift; path = QuanQiu_NewsTests.swift; sourceTree = "<group>"; };
		341936FB2759441A00A83496 /* QuanQiu NewsUITests.xctest */ = {isa = PBXFileReference; explicitFileType = wrapper.cfbundle; includeInIndex = 0; path = "QuanQiu NewsUITests.xctest"; sourceTree = BUILT_PRODUCTS_DIR; };
		341936FF2759441A00A83496 /* QuanQiu_NewsUITests.swift */ = {isa = PBXFileReference; lastKnownFileType = sourcecode.swift; path = QuanQiu_NewsUITests.swift; sourceTree = "<group>"; };
		341937012759441A00A83496 /* QuanQiu_NewsUITestsLaunchTests.swift */ = {isa = PBXFileReference; lastKnownFileType = sourcecode.swift; path = QuanQiu_NewsUITestsLaunchTests.swift; sourceTree = "<group>"; };
/* End PBXFileReference section */

/* Begin PBXFrameworksBuildPhase section */
		341936DE2759441800A83496 /* Frameworks */ = {
			isa = PBXFrameworksBuildPhase;
			buildActionMask = 2147483647;
			files = (
			);
			runOnlyForDeploymentPostprocessing = 0;
		};
		341936EE2759441A00A83496 /* Frameworks */ = {
			isa = PBXFrameworksBuildPhase;
			buildActionMask = 2147483647;
			files = (
			);
			runOnlyForDeploymentPostprocessing = 0;
		};
		341936F82759441A00A83496 /* Frameworks */ = {
			isa = PBXFrameworksBuildPhase;
			buildActionMask = 2147483647;
			files = (
			);
			runOnlyForDeploymentPostprocessing = 0;
		};
/* End PBXFrameworksBuildPhase section */

/* Begin PBXGroup section */
		341936D82759441800A83496 = {
			isa = PBXGroup;
			children = (
				341936E32759441800A83496 /* QuanQiu News */,
				341936F42759441A00A83496 /* QuanQiu NewsTests */,
				341936FE2759441A00A83496 /* QuanQiu NewsUITests */,
				341936E22759441800A83496 /* Products */,
			);
			sourceTree = "<group>";
		};
		341936E22759441800A83496 /* Products */ = {
			isa = PBXGroup;
			children = (
				341936E12759441800A83496 /* QuanQiu News.app */,
				341936F12759441A00A83496 /* QuanQiu NewsTests.xctest */,
				341936FB2759441A00A83496 /* QuanQiu NewsUITests.xctest */,
			);
			name = Products;
			sourceTree = "<group>";
		};
		341936E32759441800A83496 /* QuanQiu News */ = {
			isa = PBXGroup;
			children = (
				341936E42759441800A83496 /* QuanQiu_NewsApp.swift */,
				341936E62759441800A83496 /* ContentView.swift */,
				341936E82759441A00A83496 /* Assets.xcassets */,
				341936EA2759441A00A83496 /* Preview Content */,
			);
			path = "QuanQiu News";
			sourceTree = "<group>";
		};
		341936EA2759441A00A83496 /* Preview Content */ = {
			isa = PBXGroup;
			children = (
				341936EB2759441A00A83496 /* Preview Assets.xcassets */,
			);
			path = "Preview Content";
			sourceTree = "<group>";
		};
		341936F42759441A00A83496 /* QuanQiu NewsTests */ = {
			isa = PBXGroup;
			children = (
				341936F52759441A00A83496 /* QuanQiu_NewsTests.swift */,
			);
			path = "QuanQiu NewsTests";
			sourceTree = "<group>";
		};
		341936FE2759441A00A83496 /* QuanQiu NewsUITests */ = {
			isa = PBXGroup;
			children = (
				341936FF2759441A00A83496 /* QuanQiu_NewsUITests.swift */,
				341937012759441A00A83496 /* QuanQiu_NewsUITestsLaunchTests.swift */,
			);
			path = "QuanQiu NewsUITests";
			sourceTree = "<group>";
		};
/* End PBXGroup section */

/* Begin PBXNativeTarget section */
		341936E02759441800A83496 /* QuanQiu News */ = {
			isa = PBXNativeTarget;
			buildConfigurationList = 341937052759441A00A83496 /* Build configuration list for PBXNativeTarget "QuanQiu News" */;
			buildPhases = (
				341936DD2759441800A83496 /* Sources */,
				341936DE2759441800A83496 /* Frameworks */,
				341936DF2759441800A83496 /* Resources */,
			);
			buildRules = (
			);
			dependencies = (
			);
			name = "QuanQiu News";
			productName = "QuanQiu News";
			productReference = 341936E12759441800A83496 /* QuanQiu News.app */;
			productType = "com.apple.product-type.application";
		};
		341936F02759441A00A83496 /* QuanQiu NewsTests */ = {
			isa = PBXNativeTarget;
			buildConfigurationList = 341937082759441A00A83496 /* Build configuration list for PBXNativeTarget "QuanQiu NewsTests" */;
			buildPhases = (
				341936ED2759441A00A83496 /* Sources */,
				341936EE2759441A00A83496 /* Frameworks */,
				341936EF2759441A00A83496 /* Resources */,
			);
			buildRules = (
			);
			dependencies = (
				341936F32759441A00A83496 /* PBXTargetDependency */,
			);
			name = "QuanQiu NewsTests";
			productName = "QuanQiu NewsTests";
			productReference = 341936F12759441A00A83496 /* QuanQiu NewsTests.xctest */;
			productType = "com.apple.product-type.bundle.unit-test";
		};
		341936FA2759441A00A83496 /* QuanQiu NewsUITests */ = {
			isa = PBXNativeTarget;
			buildConfigurationList = 3419370B2759441A00A83496 /* Build configuration list for PBXNativeTarget "QuanQiu NewsUITests" */;
			buildPhases = (
				341936F72759441A00A83496 /* Sources */,
				341936F82759441A00A83496 /* Frameworks */,
				341936F92759441A00A83496 /* Resources */,
			);
			buildRules = (
			);
			dependencies = (
				341936FD2759441A00A83496 /* PBXTargetDependency */,
			);
			name = "QuanQiu NewsUITests";
			productName = "QuanQiu NewsUITests";
			productReference = 341936FB2759441A00A83496 /* QuanQiu NewsUITests.xctest */;
			productType = "com.apple.product-type.bundle.ui-testing";
		};
/* End PBXNativeTarget section */

/* Begin PBXProject section */
		341936D92759441800A83496 /* Project object */ = {
			isa = PBXProject;
			attributes = {
				BuildIndependentTargetsInParallel = 1;
				LastSwiftUpdateCheck = 1310;
				LastUpgradeCheck = 1310;
				TargetAttributes = {
					341936E02759441800A83496 = {
						CreatedOnToolsVersion = 13.1;
					};
					341936F02759441A00A83496 = {
						CreatedOnToolsVersion = 13.1;
						TestTargetID = 341936E02759441800A83496;
					};
					341936FA2759441A00A83496 = {
						CreatedOnToolsVersion = 13.1;
						TestTargetID = 341936E02759441800A83496;
					};
				};
			};
			buildConfigurationList = 341936DC2759441800A83496 /* Build configuration list for PBXProject "QuanQiu News" */;
			compatibilityVersion = "Xcode 13.0";
			developmentRegion = en;
			hasScannedForEncodings = 0;
			knownRegions = (
				en,
				Base,
			);
			mainGroup = 341936D82759441800A83496;
			productRefGroup = 341936E22759441800A83496 /* Products */;
			projectDirPath = "";
			projectRoot = "";
			targets = (
				341936E02759441800A83496 /* QuanQiu News */,
				341936F02759441A00A83496 /* QuanQiu NewsTests */,
				341936FA2759441A00A83496 /* QuanQiu NewsUITests */,
			);
		};
/* End PBXProject section */

/* Begin PBXResourcesBuildPhase section */
		341936DF2759441800A83496 /* Resources */ = {
			isa = PBXResourcesBuildPhase;
			buildActionMask = 2147483647;
			files = (
				341936EC2759441A00A83496 /* Preview Assets.xcassets in Resources */,
				341936E92759441A00A83496 /* Assets.xcassets in Resources */,
			);
			runOnlyForDeploymentPostprocessing = 0;
		};
		341936EF2759441A00A83496 /* Resources */ = {
			isa = PBXResourcesBuildPhase;
			buildActionMask = 2147483647;
			files = (
			);
			runOnlyForDeploymentPostprocessing = 0;
		};
		341936F92759441A00A83496 /* Resources */ = {
			isa = PBXResourcesBuildPhase;
			buildActionMask = 2147483647;
			files = (
			);
			runOnlyForDeploymentPostprocessing = 0;
		};
/* End PBXResourcesBuildPhase section */

/* Begin PBXSourcesBuildPhase section */
		341936DD2759441800A83496 /* Sources */ = {
			isa = PBXSourcesBuildPhase;
			buildActionMask = 2147483647;
			files = (
				341936E72759441800A83496 /* ContentView.swift in Sources */,
				341936E52759441800A83496 /* QuanQiu_NewsApp.swift in Sources */,
			);
			runOnlyForDeploymentPostprocessing = 0;
		};
		341936ED2759441A00A83496 /* Sources */ = {
			isa = PBXSourcesBuildPhase;
			buildActionMask = 2147483647;
			files = (
				341936F62759441A00A83496 /* QuanQiu_NewsTests.swift in Sources */,
			);
			runOnlyForDeploymentPostprocessing = 0;
		};
		341936F72759441A00A83496 /* Sources */ = {
			isa = PBXSourcesBuildPhase;
			buildActionMask = 2147483647;
			files = (
				341937022759441A00A83496 /* QuanQiu_NewsUITestsLaunchTests.swift in Sources */,
				341937002759441A00A83496 /* QuanQiu_NewsUITests.swift in Sources */,
			);
			runOnlyForDeploymentPostprocessing = 0;
		};
/* End PBXSourcesBuildPhase section */

/* Begin PBXTargetDependency section */
		341936F32759441A00A83496 /* PBXTargetDependency */ = {
			isa = PBXTargetDependency;
			target = 341936E02759441800A83496 /* QuanQiu News */;
			targetProxy = 341936F22759441A00A83496 /* PBXContainerItemProxy */;
		};
		341936FD2759441A00A83496 /* PBXTargetDependency */ = {
			isa = PBXTargetDependency;
			target = 341936E02759441800A83496 /* QuanQiu News */;
			targetProxy = 341936FC2759441A00A83496 /* PBXContainerItemProxy */;
		};
/* End PBXTargetDependency section */

/* Begin XCBuildConfiguration section */
		341937032759441A00A83496 /* Debug */ = {
			isa = XCBuildConfiguration;
			buildSettings = {
				ALWAYS_SEARCH_USER_PATHS = NO;
				CLANG_ANALYZER_NONNULL = YES;
				CLANG_ANALYZER_NUMBER_OBJECT_CONVERSION = YES_AGGRESSIVE;
				CLANG_CXX_LANGUAGE_STANDARD = "gnu++17";
				CLANG_CXX_LIBRARY = "libc++";
				CLANG_ENABLE_MODULES = YES;
				CLANG_ENABLE_OBJC_ARC = YES;
				CLANG_ENABLE_OBJC_WEAK = YES;
				CLANG_WARN_BLOCK_CAPTURE_AUTORELEASING = YES;
				CLANG_WARN_BOOL_CONVERSION = YES;
				CLANG_WARN_COMMA = YES;
				CLANG_WARN_CONSTANT_CONVERSION = YES;
				CLANG_WARN_DEPRECATED_OBJC_IMPLEMENTATIONS = YES;
				CLANG_WARN_DIRECT_OBJC_ISA_USAGE = YES_ERROR;
				CLANG_WARN_DOCUMENTATION_COMMENTS = YES;
				CLANG_WARN_EMPTY_BODY = YES;
				CLANG_WARN_ENUM_CONVERSION = YES;
				CLANG_WARN_INFINITE_RECURSION = YES;
				CLANG_WARN_INT_CONVERSION = YES;
				CLANG_WARN_NON_LITERAL_NULL_CONVERSION = YES;
				CLANG_WARN_OBJC_IMPLICIT_RETAIN_SELF = YES;
				CLANG_WARN_OBJC_LITERAL_CONVERSION = YES;
				CLANG_WARN_OBJC_ROOT_CLASS = YES_ERROR;
				CLANG_WARN_QUOTED_INCLUDE_IN_FRAMEWORK_HEADER = YES;
				CLANG_WARN_RANGE_LOOP_ANALYSIS = YES;
				CLANG_WARN_STRICT_PROTOTYPES = YES;
				CLANG_WARN_SUSPICIOUS_MOVE = YES;
				CLANG_WARN_UNGUARDED_AVAILABILITY = YES_AGGRESSIVE;
				CLANG_WARN_UNREACHABLE_CODE = YES;
				CLANG_WARN__DUPLICATE_METHOD_MATCH = YES;
				COPY_PHASE_STRIP = NO;
				DEBUG_INFORMATION_FORMAT = dwarf;
				ENABLE_STRICT_OBJC_MSGSEND = YES;
				ENABLE_TESTABILITY = YES;
				GCC_C_LANGUAGE_STANDARD = gnu11;
				GCC_DYNAMIC_NO_PIC = NO;
				GCC_NO_COMMON_BLOCKS = YES;
				GCC_OPTIMIZATION_LEVEL = 0;
				GCC_PREPROCESSOR_DEFINITIONS = (
					"DEBUG=1",
					"$(inherited)",
				);
				GCC_WARN_64_TO_32_BIT_CONVERSION = YES;
				GCC_WARN_ABOUT_RETURN_TYPE = YES_ERROR;
				GCC_WARN_UNDECLARED_SELECTOR = YES;
				GCC_WARN_UNINITIALIZED_AUTOS = YES_AGGRESSIVE;
				GCC_WARN_UNUSED_FUNCTION = YES;
				GCC_WARN_UNUSED_VARIABLE = YES;
				IPHONEOS_DEPLOYMENT_TARGET = 15.0;
				MTL_ENABLE_DEBUG_INFO = INCLUDE_SOURCE;
				MTL_FAST_MATH = YES;
				ONLY_ACTIVE_ARCH = YES;
				SDKROOT = iphoneos;
				SWIFT_ACTIVE_COMPILATION_CONDITIONS = DEBUG;
				SWIFT_OPTIMIZATION_LEVEL = "-Onone";
			};
			name = Debug;
		};
		341937042759441A00A83496 /* Release */ = {
			isa = XCBuildConfiguration;
			buildSettings = {
				ALWAYS_SEARCH_USER_PATHS = NO;
				CLANG_ANALYZER_NONNULL = YES;
				CLANG_ANALYZER_NUMBER_OBJECT_CONVERSION = YES_AGGRESSIVE;
				CLANG_CXX_LANGUAGE_STANDARD = "gnu++17";
				CLANG_CXX_LIBRARY = "libc++";
				CLANG_ENABLE_MODULES = YES;
				CLANG_ENABLE_OBJC_ARC = YES;
				CLANG_ENABLE_OBJC_WEAK = YES;
				CLANG_WARN_BLOCK_CAPTURE_AUTORELEASING = YES;
				CLANG_WARN_BOOL_CONVERSION = YES;
				CLANG_WARN_COMMA = YES;
				CLANG_WARN_CONSTANT_CONVERSION = YES;
				CLANG_WARN_DEPRECATED_OBJC_IMPLEMENTATIONS = YES;
				CLANG_WARN_DIRECT_OBJC_ISA_USAGE = YES_ERROR;
				CLANG_WARN_DOCUMENTATION_COMMENTS = YES;
				CLANG_WARN_EMPTY_BODY = YES;
				CLANG_WARN_ENUM_CONVERSION = YES;
				CLANG_WARN_INFINITE_RECURSION = YES;
				CLANG_WARN_INT_CONVERSION = YES;
				CLANG_WARN_NON_LITERAL_NULL_CONVERSION = YES;
				CLANG_WARN_OBJC_IMPLICIT_RETAIN_SELF = YES;
				CLANG_WARN_OBJC_LITERAL_CONVERSION = YES;
				CLANG_WARN_OBJC_ROOT_CLASS = YES_ERROR;
				CLANG_WARN_QUOTED_INCLUDE_IN_FRAMEWORK_HEADER = YES;
				CLANG_WARN_RANGE_LOOP_ANALYSIS = YES;
				CLANG_WARN_STRICT_PROTOTYPES = YES;
				CLANG_WARN_SUSPICIOUS_MOVE = YES;
				CLANG_WARN_UNGUARDED_AVAILABILITY = YES_AGGRESSIVE;
				CLANG_WARN_UNREACHABLE_CODE = YES;
				CLANG_WARN__DUPLICATE_METHOD_MATCH = YES;
				COPY_PHASE_STRIP = NO;
				DEBUG_INFORMATION_FORMAT = "dwarf-with-dsym";
				ENABLE_NS_ASSERTIONS = NO;
				ENABLE_STRICT_OBJC_MSGSEND = YES;
				GCC_C_LANGUAGE_STANDARD = gnu11;
				GCC_NO_COMMON_BLOCKS = YES;
				GCC_WARN_64_TO_32_BIT_CONVERSION = YES;
				GCC_WARN_ABOUT_RETURN_TYPE = YES_ERROR;
				GCC_WARN_UNDECLARED_SELECTOR = YES;
				GCC_WARN_UNINITIALIZED_AUTOS = YES_AGGRESSIVE;
				GCC_WARN_UNUSED_FUNCTION = YES;
				GCC_WARN_UNUSED_VARIABLE = YES;
				IPHONEOS_DEPLOYMENT_TARGET = 15.0;
				MTL_ENABLE_DEBUG_INFO = NO;
				MTL_FAST_MATH = YES;
				SDKROOT = iphoneos;
				SWIFT_COMPILATION_MODE = wholemodule;
				SWIFT_OPTIMIZATION_LEVEL = "-O";
				VALIDATE_PRODUCT = YES;
			};
			name = Release;
		};
		341937062759441A00A83496 /* Debug */ = {
			isa = XCBuildConfiguration;
			buildSettings = {
				ASSETCATALOG_COMPILER_APPICON_NAME = AppIcon;
				ASSETCATALOG_COMPILER_GLOBAL_ACCENT_COLOR_NAME = AccentColor;
				CODE_SIGN_STYLE = Automatic;
				CURRENT_PROJECT_VERSION = 1;
				DEVELOPMENT_ASSET_PATHS = "\"QuanQiu News/Preview Content\"";
				ENABLE_PREVIEWS = YES;
				GENERATE_INFOPLIST_FILE = YES;
				INFOPLIST_KEY_UIApplicationSceneManifest_Generation = YES;
				INFOPLIST_KEY_UIApplicationSupportsIndirectInputEvents = YES;
				INFOPLIST_KEY_UILaunchScreen_Generation = YES;
				INFOPLIST_KEY_UISupportedInterfaceOrientations_iPad = "UIInterfaceOrientationPortrait UIInterfaceOrientationPortraitUpsideDown UIInterfaceOrientationLandscapeLeft UIInterfaceOrientationLandscapeRight";
				INFOPLIST_KEY_UISupportedInterfaceOrientations_iPhone = "UIInterfaceOrientationPortrait UIInterfaceOrientationLandscapeLeft UIInterfaceOrientationLandscapeRight";
				LD_RUNPATH_SEARCH_PATHS = (
					"$(inherited)",
					"@executable_path/Frameworks",
				);
				MARKETING_VERSION = 1.0;
				PRODUCT_BUNDLE_IDENTIFIER = "asa.QuanQiu-News";
				PRODUCT_NAME = "$(TARGET_NAME)";
				SWIFT_EMIT_LOC_STRINGS = YES;
				SWIFT_VERSION = 5.0;
				TARGETED_DEVICE_FAMILY = "1,2";
			};
			name = Debug;
		};
		341937072759441A00A83496 /* Release */ = {
			isa = XCBuildConfiguration;
			buildSettings = {
				ASSETCATALOG_COMPILER_APPICON_NAME = AppIcon;
				ASSETCATALOG_COMPILER_GLOBAL_ACCENT_COLOR_NAME = AccentColor;
				CODE_SIGN_STYLE = Automatic;
				CURRENT_PROJECT_VERSION = 1;
				DEVELOPMENT_ASSET_PATHS = "\"QuanQiu News/Preview Content\"";
				ENABLE_PREVIEWS = YES;
				GENERATE_INFOPLIST_FILE = YES;
				INFOPLIST_KEY_UIApplicationSceneManifest_Generation = YES;
				INFOPLIST_KEY_UIApplicationSupportsIndirectInputEvents = YES;
				INFOPLIST_KEY_UILaunchScreen_Generation = YES;
				INFOPLIST_KEY_UISupportedInterfaceOrientations_iPad = "UIInterfaceOrientationPortrait UIInterfaceOrientationPortraitUpsideDown UIInterfaceOrientationLandscapeLeft UIInterfaceOrientationLandscapeRight";
				INFOPLIST_KEY_UISupportedInterfaceOrientations_iPhone = "UIInterfaceOrientationPortrait UIInterfaceOrientationLandscapeLeft UIInterfaceOrientationLandscapeRight";
				LD_RUNPATH_SEARCH_PATHS = (
					"$(inherited)",
					"@executable_path/Frameworks",
				);
				MARKETING_VERSION = 1.0;
				PRODUCT_BUNDLE_IDENTIFIER = "asa.QuanQiu-News";
				PRODUCT_NAME = "$(TARGET_NAME)";
				SWIFT_EMIT_LOC_STRINGS = YES;
				SWIFT_VERSION = 5.0;
				TARGETED_DEVICE_FAMILY = "1,2";
			};
			name = Release;
		};
		341937092759441A00A83496 /* Debug */ = {
			isa = XCBuildConfiguration;
			buildSettings = {
				ALWAYS_EMBED_SWIFT_STANDARD_LIBRARIES = YES;
				BUNDLE_LOADER = "$(TEST_HOST)";
				CODE_SIGN_STYLE = Automatic;
				CURRENT_PROJECT_VERSION = 1;
				GENERATE_INFOPLIST_FILE = YES;
				IPHONEOS_DEPLOYMENT_TARGET = 15.0;
				LD_RUNPATH_SEARCH_PATHS = (
					"$(inherited)",
					"@executable_path/Frameworks",
					"@loader_path/Frameworks",
				);
				MARKETING_VERSION = 1.0;
				PRODUCT_BUNDLE_IDENTIFIER = "asa.QuanQiu-NewsTests";
				PRODUCT_NAME = "$(TARGET_NAME)";
				SWIFT_EMIT_LOC_STRINGS = NO;
				SWIFT_VERSION = 5.0;
				TARGETED_DEVICE_FAMILY = "1,2";
				TEST_HOST = "$(BUILT_PRODUCTS_DIR)/QuanQiu News.app/QuanQiu News";
			};
			name = Debug;
		};
		3419370A2759441A00A83496 /* Release */ = {
			isa = XCBuildConfiguration;
			buildSettings = {
				ALWAYS_EMBED_SWIFT_STANDARD_LIBRARIES = YES;
				BUNDLE_LOADER = "$(TEST_HOST)";
				CODE_SIGN_STYLE = Automatic;
				CURRENT_PROJECT_VERSION = 1;
				GENERATE_INFOPLIST_FILE = YES;
				IPHONEOS_DEPLOYMENT_TARGET = 15.0;
				LD_RUNPATH_SEARCH_PATHS = (
					"$(inherited)",
					"@executable_path/Frameworks",
					"@loader_path/Frameworks",
				);
				MARKETING_VERSION = 1.0;
				PRODUCT_BUNDLE_IDENTIFIER = "asa.QuanQiu-NewsTests";
				PRODUCT_NAME = "$(TARGET_NAME)";
				SWIFT_EMIT_LOC_STRINGS = NO;
				SWIFT_VERSION = 5.0;
				TARGETED_DEVICE_FAMILY = "1,2";
				TEST_HOST = "$(BUILT_PRODUCTS_DIR)/QuanQiu News.app/QuanQiu News";
			};
			name = Release;
		};
		3419370C2759441A00A83496 /* Debug */ = {
			isa = XCBuildConfiguration;
			buildSettings = {
				ALWAYS_EMBED_SWIFT_STANDARD_LIBRARIES = YES;
				CODE_SIGN_STYLE = Automatic;
				CURRENT_PROJECT_VERSION = 1;
				GENERATE_INFOPLIST_FILE = YES;
				LD_RUNPATH_SEARCH_PATHS = (
					"$(inherited)",
					"@executable_path/Frameworks",
					"@loader_path/Frameworks",
				);
				MARKETING_VERSION = 1.0;
				PRODUCT_BUNDLE_IDENTIFIER = "asa.QuanQiu-NewsUITests";
				PRODUCT_NAME = "$(TARGET_NAME)";
				SWIFT_EMIT_LOC_STRINGS = NO;
				SWIFT_VERSION = 5.0;
				TARGETED_DEVICE_FAMILY = "1,2";
				TEST_TARGET_NAME = "QuanQiu News";
			};
			name = Debug;
		};
		3419370D2759441A00A83496 /* Release */ = {
			isa = XCBuildConfiguration;
			buildSettings = {
				ALWAYS_EMBED_SWIFT_STANDARD_LIBRARIES = YES;
				CODE_SIGN_STYLE = Automatic;
				CURRENT_PROJECT_VERSION = 1;
				GENERATE_INFOPLIST_FILE = YES;
				LD_RUNPATH_SEARCH_PATHS = (
					"$(inherited)",
					"@executable_path/Frameworks",
					"@loader_path/Frameworks",
				);
				MARKETING_VERSION = 1.0;
				PRODUCT_BUNDLE_IDENTIFIER = "asa.QuanQiu-NewsUITests";
				PRODUCT_NAME = "$(TARGET_NAME)";
				SWIFT_EMIT_LOC_STRINGS = NO;
				SWIFT_VERSION = 5.0;
				TARGETED_DEVICE_FAMILY = "1,2";
				TEST_TARGET_NAME = "QuanQiu News";
			};
			name = Release;
		};
/* End XCBuildConfiguration section */

/* Begin XCConfigurationList section */
		341936DC2759441800A83496 /* Build configuration list for PBXProject "QuanQiu News" */ = {
			isa = XCConfigurationList;
			buildConfigurations = (
				341937032759441A00A83496 /* Debug */,
				341937042759441A00A83496 /* Release */,
			);
			defaultConfigurationIsVisible = 0;
			defaultConfigurationName = Release;
		};
		341937052759441A00A83496 /* Build configuration list for PBXNativeTarget "QuanQiu News" */ = {
			isa = XCConfigurationList;
			buildConfigurations = (
				341937062759441A00A83496 /* Debug */,
				341937072759441A00A83496 /* Release */,
			);
			defaultConfigurationIsVisible = 0;
			defaultConfigurationName = Release;
		};
		341937082759441A00A83496 /* Build configuration list for PBXNativeTarget "QuanQiu NewsTests" */ = {
			isa = XCConfigurationList;
			buildConfigurations = (
				341937092759441A00A83496 /* Debug */,
				3419370A2759441A00A83496 /* Release */,
			);
			defaultConfigurationIsVisible = 0;
			defaultConfigurationName = Release;
		};
		3419370B2759441A00A83496 /* Build configuration list for PBXNativeTarget "QuanQiu NewsUITests" */ = {
			isa = XCConfigurationList;
			buildConfigurations = (
				3419370C2759441A00A83496 /* Debug */,
				3419370D2759441A00A83496 /* Release */,
			);
			defaultConfigurationIsVisible = 0;
			defaultConfigurationName = Release;
		};
/* End XCConfigurationList section */
	};
	rootObject = 341936D92759441800A83496 /* Project object */;
}
